
Microsoft Visual Studio Solution File, Format Version 12.00
# Visual Studio Version 16
VisualStudioVersion = 16.0.30517.126
MinimumVisualStudioVersion = 10.0.40219.1
Project("{9A19103F-16F7-4668-BE54-9A1E7A4F7556}") = "Paycompute", "Paycompute.csproj", "{0B7D46FE-293E-42F0-B9CD-B57BB51D64B6}"
EndProject
Project("{9A19103F-16F7-4668-BE54-9A1E7A4F7556}") = "Paycompute.Persistence", "..\Paycompute.Persistence\Paycompute.Persistence.csproj", "{5F7AF830-0DF3-4EF4-B342-29966A888BB4}"
EndProject
Project("{9A19103F-16F7-4668-BE54-9A1E7A4F7556}") = "Paycompute.Entity", "..\Paycompute.Entity\Paycompute.Entity.csproj", "{9BB4A54E-3641-4C1B-9F13-6F8B54D213D9}"
EndProject
Global
	GlobalSection(SolutionConfigurationPlatforms) = preSolution
		Debug|Any CPU = Debug|Any CPU
		Release|Any CPU = Release|Any CPU
	EndGlobalSection
	GlobalSection(ProjectConfigurationPlatforms) = postSolution
		{0B7D46FE-293E-42F0-B9CD-B57BB51D64B6}.Debug|Any CPU.ActiveCfg = Debug|Any CPU
		{0B7D46FE-293E-42F0-B9CD-B57BB51D64B6}.Debug|Any CPU.Build.0 = Debug|Any CPU
		{0B7D46FE-293E-42F0-B9CD-B57BB51D64B6}.Release|Any CPU.ActiveCfg = Release|Any CPU
		{0B7D46FE-293E-42F0-B9CD-B57BB51D64B6}.Release|Any CPU.Build.0 = Release|Any CPU
		{5F7AF830-0DF3-4EF4-B342-29966A888BB4}.Debug|Any CPU.ActiveCfg = Debug|Any CPU
		{5F7AF830-0DF3-4EF4-B342-29966A888BB4}.Debug|Any CPU.Build.0 = Debug|Any CPU
		{5F7AF830-0DF3-4EF4-B342-29966A888BB4}.Release|Any CPU.ActiveCfg = Release|Any CPU
		{5F7AF830-0DF3-4EF4-B342-29966A888BB4}.Release|Any CPU.Build.0 = Release|Any CPU
		{9BB4A54E-3641-4C1B-9F13-6F8B54D213D9}.Debug|Any CPU.ActiveCfg = Debug|Any CPU
		{9BB4A54E-3641-4C1B-9F13-6F8B54D213D9}.Debug|Any CPU.Build.0 = Debug|Any CPU
		{9BB4A54E-3641-4C1B-9F13-6F8B54D213D9}.Release|Any CPU.ActiveCfg = Release|Any CPU
		{9BB4A54E-3641-4C1B-9F13-6F8B54D213D9}.Release|Any CPU.Build.0 = Release|Any CPU
	EndGlobalSection
	GlobalSection(SolutionProperties) = preSolution
		HideSolutionNode = FALSE
	EndGlobalSection
	GlobalSection(ExtensibilityGlobals) = postSolution
		SolutionGuid = {B48D5C3D-AEAC-46CF-A2CD-72DA7D4A5B70}
	EndGlobalSection
EndGlobal
